{
    "_readme": [
        "This file locks the dependencies of your project to a known state",
        "Read more about it at https://getcomposer.org/doc/01-basic-usage.md#composer-lock-the-lock-file",
        "This file is @generated automatically"
    ],
    "hash": "3df17f9f47242e86e2daf0449499bcf8",
    "content-hash": "9e6b4932a4d3ba9ad4cd1648ac8f70f8",
    "packages": [
        {
            "name": "blobaugh/meetup-api-client",
            "version": "dev-master",
            "source": {
                "type": "git",
                "url": "https://github.com/blobaugh/Meetup-API-client-for-PHP.git",
                "reference": "760113eb6548d160a5148f5ca4210e2c30bdd00c"
            },
            "dist": {
                "type": "zip",
                "url": "https://api.github.com/repos/blobaugh/Meetup-API-client-for-PHP/zipball/760113eb6548d160a5148f5ca4210e2c30bdd00c",
                "reference": "760113eb6548d160a5148f5ca4210e2c30bdd00c",
                "shasum": ""
            },
            "type": "library",
            "autoload": {
                "classmap": [
                    "."
                ],
                "files": [
                    "Meetup.php"
                ]
            },
            "notification-url": "https://packagist.org/downloads/",
            "authors": [
                {
                    "name": "Ben Lobaugh",
                    "email": "ben@lobaugh.net"
                }
            ],
            "description": "A PHP API wrapper for the Meetup.com API",
            "keywords": [
                "api",
                "meetup"
            ],
            "time": "2012-12-10 15:43:05"
        },
        {
            "name": "composer/installers",
            "version": "dev-master",
            "source": {
                "type": "git",
                "url": "https://github.com/composer/installers.git",
                "reference": "b3d1f3125a77af66d2bfd934c775150e4c9aecc3"
            },
            "dist": {
                "type": "zip",
                "url": "https://api.github.com/repos/composer/installers/zipball/6aac6a0a931ad06780fa7c574f27178d48109ec7",
                "reference": "b3d1f3125a77af66d2bfd934c775150e4c9aecc3",
                "shasum": ""
            },
            "require": {
                "composer-plugin-api": "^1.0"
            },
            "replace": {
                "roundcube/plugin-installer": "*",
                "shama/baton": "*"
            },
            "require-dev": {
                "composer/composer": "1.0.*@dev",
                "phpunit/phpunit": "4.1.*"
            },
            "type": "composer-plugin",
            "extra": {
                "class": "Composer\\Installers\\Plugin",
                "branch-alias": {
                    "dev-master": "1.0-dev"
                }
            },
            "autoload": {
                "psr-0": {
                    "Composer\\Installers\\": "src/"
                }
            },
            "notification-url": "https://packagist.org/downloads/",
            "license": [
                "MIT"
            ],
            "authors": [
                {
                    "name": "Kyle Robinson Young",
                    "email": "kyle@dontkry.com",
                    "homepage": "https://github.com/shama"
                }
            ],
            "description": "A multi-framework Composer library installer",
            "homepage": "http://composer.github.com/installers/",
            "keywords": [
                "Craft",
                "Dolibarr",
                "Hurad",
                "MODX Evo",
                "OXID",
                "SMF",
                "Thelia",
                "WolfCMS",
                "agl",
                "aimeos",
                "annotatecms",
                "bitrix",
                "cakephp",
                "chef",
                "codeigniter",
                "concrete5",
                "croogo",
                "dokuwiki",
                "drupal",
                "elgg",
                "fuelphp",
                "grav",
                "installer",
                "joomla",
                "kohana",
                "laravel",
                "lithium",
                "magento",
                "mako",
                "mediawiki",
                "modulework",
                "moodle",
                "phpbb",
                "piwik",
                "ppi",
                "puppet",
                "roundcube",
                "shopware",
                "silverstripe",
                "symfony",
                "typo3",
                "wordpress",
                "zend",
                "zikula"
            ],
            "time": "2016-02-27 14:38:36"
        },
        {
            "name": "jublonet/codebird-php",
            "version": "dev-master",
            "source": {
                "type": "git",
                "url": "https://github.com/jublonet/codebird-php.git",
                "reference": "100a8e8f1928a5738b4476f0caf83f2c2ba6da5b"
            },
            "dist": {
                "type": "zip",
                "url": "https://api.github.com/repos/jublonet/codebird-php/zipball/100a8e8f1928a5738b4476f0caf83f2c2ba6da5b",
                "reference": "100a8e8f1928a5738b4476f0caf83f2c2ba6da5b",
                "shasum": ""
            },
            "require": {
                "composer/installers": "~1.0",
                "ext-hash": "*",
                "ext-json": "*",
                "lib-openssl": "*",
                "php": ">=5.5.0"
            },
            "require-dev": {
                "phpunit/phpunit": ">=3.7",
                "satooshi/php-coveralls": ">=0.6",
                "squizlabs/php_codesniffer": "2.*"
            },
            "type": "library",
            "autoload": {
                "classmap": [
                    "src/"
                ]
            },
            "notification-url": "https://packagist.org/downloads/",
            "license": [
                "GPL-3.0+"
            ],
            "authors": [
                {
                    "name": "Joshua Atkins",
                    "email": "joshua.atkins@jublo.net",
                    "homepage": "http://atkins.im/",
                    "role": "Developer"
                },
                {
                    "name": "J.M.",
                    "email": "jm@jublo.net",
                    "homepage": "http://mynetx.net/",
                    "role": "Developer"
                }
            ],
            "description": "Easy access to the Twitter REST API, Collections API, Streaming API, TON (Object Nest) API and Twitter Ads API — all from one PHP library.",
            "homepage": "https://www.jublo.net/projects/codebird/php",
            "keywords": [
                "api",
                "networking",
                "twitter"
            ],
            "time": "2016-02-15 18:38:55"
        },
        {
            "name": "vlucas/phpdotenv",
            "version": "dev-master",
            "source": {
                "type": "git",
                "url": "https://github.com/vlucas/phpdotenv.git",
                "reference": "11a353b704488944a7477b229d119fe1cfa56f68"
            },
            "dist": {
                "type": "zip",
                "url": "https://api.github.com/repos/vlucas/phpdotenv/zipball/11a353b704488944a7477b229d119fe1cfa56f68",
                "reference": "11a353b704488944a7477b229d119fe1cfa56f68",
                "shasum": ""
            },
            "require": {
                "php": ">=5.3.9"
            },
            "require-dev": {
                "phpunit/phpunit": "^4.8|^5.0"
            },
            "type": "library",
            "extra": {
                "branch-alias": {
                    "dev-master": "2.2-dev"
                }
            },
            "autoload": {
                "psr-4": {
                    "Dotenv\\": "src/"
                }
            },
            "notification-url": "https://packagist.org/downloads/",
            "license": [
                "BSD-3-Clause-Attribution"
            ],
            "authors": [
                {
                    "name": "Vance Lucas",
                    "email": "vance@vancelucas.com",
                    "homepage": "http://www.vancelucas.com"
                }
            ],
            "description": "Loads environment variables from `.env` to `getenv()`, `$_ENV` and `$_SERVER` automagically.",
            "homepage": "http://github.com/vlucas/phpdotenv",
            "keywords": [
                "dotenv",
                "env",
                "environment"
            ],
            "time": "2016-02-11 08:44:10"
        }
    ],
    "packages-dev": [],
    "aliases": [],
    "minimum-stability": "dev",
    "stability-flags": {
        "blobaugh/meetup-api-client": 20,
        "jublonet/codebird-php": 20
    },
    "prefer-stable": false,
    "prefer-lowest": false,
    "platform": [],
    "platform-dev": []
}
